
Microsoft Visual Studio Solution File, Format Version 12.00
# Visual Studio 2012
Project("{FAE04EC0-301F-11D3-BF4B-00C04F79EFBC}") = "Tojeero", "Tojeero\Tojeero.csproj", "{3D79B416-E11B-4017-922D-F77D17991910}"
EndProject
Project("{FAE04EC0-301F-11D3-BF4B-00C04F79EFBC}") = "Tojeero.iOS", "iOS\Tojeero.iOS.csproj", "{08E56637-6E76-4DAC-BAAA-9057DBB74B75}"
EndProject
Project("{FAE04EC0-301F-11D3-BF4B-00C04F79EFBC}") = "Tojeero.Droid", "Droid\Tojeero.Droid.csproj", "{B3E60202-0165-4D8E-B978-1E9C38B61D96}"
EndProject
Project("{2150E333-8FDC-42A3-9474-1A3956D46DE8}") = "Libraries", "Libraries", "{C1D841E2-4FAE-4726-B178-31A192613651}"
EndProject
Project("{2150E333-8FDC-42A3-9474-1A3956D46DE8}") = "TwinTechs", "TwinTechs", "{C5F604A6-F16C-49FF-B8A4-39CB6A12C68F}"
EndProject
Project("{FAE04EC0-301F-11D3-BF4B-00C04F79EFBC}") = "TwinTechsForms.Core", "Libraries\TwinTechsForms\TwinTechsForms.Core\TwinTechsForms.Core.csproj", "{7C5D7E33-C77E-475F-BE8B-359CD164A4E5}"
EndProject
Project("{FAE04EC0-301F-11D3-BF4B-00C04F79EFBC}") = "TwinTechsForms.Droid", "Libraries\TwinTechsForms\TwinTechsForms.Droid\TwinTechsForms.Droid.csproj", "{F4FDDB8D-1DAD-4558-B62C-CDBD703F9B9D}"
EndProject
Project("{FAE04EC0-301F-11D3-BF4B-00C04F79EFBC}") = "TwinTechsForms.iOS", "Libraries\TwinTechsForms\TwinTechsForms.iOS\TwinTechsForms.iOS.csproj", "{C0D2B64A-CBFC-42A2-B8A6-B8673976EE14}"
EndProject
Global
	GlobalSection(SolutionConfigurationPlatforms) = preSolution
		Debug|Any CPU = Debug|Any CPU
		Release|Any CPU = Release|Any CPU
		Debug|iPhoneSimulator = Debug|iPhoneSimulator
		Release|iPhone = Release|iPhone
		Release|iPhoneSimulator = Release|iPhoneSimulator
		Debug|iPhone = Debug|iPhone
	EndGlobalSection
	GlobalSection(ProjectConfigurationPlatforms) = postSolution
		{08E56637-6E76-4DAC-BAAA-9057DBB74B75}.Debug|Any CPU.ActiveCfg = Debug|iPhoneSimulator
		{08E56637-6E76-4DAC-BAAA-9057DBB74B75}.Debug|Any CPU.Build.0 = Debug|iPhoneSimulator
		{08E56637-6E76-4DAC-BAAA-9057DBB74B75}.Debug|iPhone.ActiveCfg = Debug|iPhone
		{08E56637-6E76-4DAC-BAAA-9057DBB74B75}.Debug|iPhone.Build.0 = Debug|iPhone
		{08E56637-6E76-4DAC-BAAA-9057DBB74B75}.Debug|iPhoneSimulator.ActiveCfg = Debug|iPhoneSimulator
		{08E56637-6E76-4DAC-BAAA-9057DBB74B75}.Debug|iPhoneSimulator.Build.0 = Debug|iPhoneSimulator
		{08E56637-6E76-4DAC-BAAA-9057DBB74B75}.Release|Any CPU.ActiveCfg = Release|iPhone
		{08E56637-6E76-4DAC-BAAA-9057DBB74B75}.Release|Any CPU.Build.0 = Release|iPhone
		{08E56637-6E76-4DAC-BAAA-9057DBB74B75}.Release|iPhone.ActiveCfg = Release|iPhone
		{08E56637-6E76-4DAC-BAAA-9057DBB74B75}.Release|iPhone.Build.0 = Release|iPhone
		{08E56637-6E76-4DAC-BAAA-9057DBB74B75}.Release|iPhoneSimulator.ActiveCfg = Release|iPhoneSimulator
		{08E56637-6E76-4DAC-BAAA-9057DBB74B75}.Release|iPhoneSimulator.Build.0 = Release|iPhoneSimulator
		{3D79B416-E11B-4017-922D-F77D17991910}.Debug|Any CPU.ActiveCfg = Debug|Any CPU
		{3D79B416-E11B-4017-922D-F77D17991910}.Debug|Any CPU.Build.0 = Debug|Any CPU
		{3D79B416-E11B-4017-922D-F77D17991910}.Debug|iPhone.ActiveCfg = Debug|Any CPU
		{3D79B416-E11B-4017-922D-F77D17991910}.Debug|iPhone.Build.0 = Debug|Any CPU
		{3D79B416-E11B-4017-922D-F77D17991910}.Debug|iPhoneSimulator.ActiveCfg = Debug|Any CPU
		{3D79B416-E11B-4017-922D-F77D17991910}.Debug|iPhoneSimulator.Build.0 = Debug|Any CPU
		{3D79B416-E11B-4017-922D-F77D17991910}.Release|Any CPU.ActiveCfg = Release|Any CPU
		{3D79B416-E11B-4017-922D-F77D17991910}.Release|Any CPU.Build.0 = Release|Any CPU
		{3D79B416-E11B-4017-922D-F77D17991910}.Release|iPhone.ActiveCfg = Release|Any CPU
		{3D79B416-E11B-4017-922D-F77D17991910}.Release|iPhone.Build.0 = Release|Any CPU
		{3D79B416-E11B-4017-922D-F77D17991910}.Release|iPhoneSimulator.ActiveCfg = Release|Any CPU
		{3D79B416-E11B-4017-922D-F77D17991910}.Release|iPhoneSimulator.Build.0 = Release|Any CPU
		{7C5D7E33-C77E-475F-BE8B-359CD164A4E5}.Debug|Any CPU.ActiveCfg = Debug|Any CPU
		{7C5D7E33-C77E-475F-BE8B-359CD164A4E5}.Debug|Any CPU.Build.0 = Debug|Any CPU
		{7C5D7E33-C77E-475F-BE8B-359CD164A4E5}.Debug|iPhone.ActiveCfg = Debug|Any CPU
		{7C5D7E33-C77E-475F-BE8B-359CD164A4E5}.Debug|iPhone.Build.0 = Debug|Any CPU
		{7C5D7E33-C77E-475F-BE8B-359CD164A4E5}.Debug|iPhoneSimulator.ActiveCfg = Debug|Any CPU
		{7C5D7E33-C77E-475F-BE8B-359CD164A4E5}.Debug|iPhoneSimulator.Build.0 = Debug|Any CPU
		{7C5D7E33-C77E-475F-BE8B-359CD164A4E5}.Release|Any CPU.ActiveCfg = Release|Any CPU
		{7C5D7E33-C77E-475F-BE8B-359CD164A4E5}.Release|Any CPU.Build.0 = Release|Any CPU
		{7C5D7E33-C77E-475F-BE8B-359CD164A4E5}.Release|iPhone.ActiveCfg = Release|Any CPU
		{7C5D7E33-C77E-475F-BE8B-359CD164A4E5}.Release|iPhone.Build.0 = Release|Any CPU
		{7C5D7E33-C77E-475F-BE8B-359CD164A4E5}.Release|iPhoneSimulator.ActiveCfg = Release|Any CPU
		{7C5D7E33-C77E-475F-BE8B-359CD164A4E5}.Release|iPhoneSimulator.Build.0 = Release|Any CPU
		{B3E60202-0165-4D8E-B978-1E9C38B61D96}.Debug|Any CPU.ActiveCfg = Debug|Any CPU
		{B3E60202-0165-4D8E-B978-1E9C38B61D96}.Debug|Any CPU.Build.0 = Debug|Any CPU
		{B3E60202-0165-4D8E-B978-1E9C38B61D96}.Debug|iPhone.ActiveCfg = Debug|Any CPU
		{B3E60202-0165-4D8E-B978-1E9C38B61D96}.Debug|iPhone.Build.0 = Debug|Any CPU
		{B3E60202-0165-4D8E-B978-1E9C38B61D96}.Debug|iPhoneSimulator.ActiveCfg = Debug|Any CPU
		{B3E60202-0165-4D8E-B978-1E9C38B61D96}.Debug|iPhoneSimulator.Build.0 = Debug|Any CPU
		{B3E60202-0165-4D8E-B978-1E9C38B61D96}.Release|Any CPU.ActiveCfg = Release|Any CPU
		{B3E60202-0165-4D8E-B978-1E9C38B61D96}.Release|Any CPU.Build.0 = Release|Any CPU
		{B3E60202-0165-4D8E-B978-1E9C38B61D96}.Release|iPhone.ActiveCfg = Release|Any CPU
		{B3E60202-0165-4D8E-B978-1E9C38B61D96}.Release|iPhone.Build.0 = Release|Any CPU
		{B3E60202-0165-4D8E-B978-1E9C38B61D96}.Release|iPhoneSimulator.ActiveCfg = Release|Any CPU
		{B3E60202-0165-4D8E-B978-1E9C38B61D96}.Release|iPhoneSimulator.Build.0 = Release|Any CPU
		{C0D2B64A-CBFC-42A2-B8A6-B8673976EE14}.Debug|Any CPU.ActiveCfg = Debug|Any CPU
		{C0D2B64A-CBFC-42A2-B8A6-B8673976EE14}.Debug|Any CPU.Build.0 = Debug|Any CPU
		{C0D2B64A-CBFC-42A2-B8A6-B8673976EE14}.Debug|iPhone.ActiveCfg = Debug|Any CPU
		{C0D2B64A-CBFC-42A2-B8A6-B8673976EE14}.Debug|iPhone.Build.0 = Debug|Any CPU
		{C0D2B64A-CBFC-42A2-B8A6-B8673976EE14}.Debug|iPhoneSimulator.ActiveCfg = Debug|Any CPU
		{C0D2B64A-CBFC-42A2-B8A6-B8673976EE14}.Debug|iPhoneSimulator.Build.0 = Debug|Any CPU
		{C0D2B64A-CBFC-42A2-B8A6-B8673976EE14}.Release|Any CPU.ActiveCfg = Release|Any CPU
		{C0D2B64A-CBFC-42A2-B8A6-B8673976EE14}.Release|Any CPU.Build.0 = Release|Any CPU
		{C0D2B64A-CBFC-42A2-B8A6-B8673976EE14}.Release|iPhone.ActiveCfg = Release|Any CPU
		{C0D2B64A-CBFC-42A2-B8A6-B8673976EE14}.Release|iPhone.Build.0 = Release|Any CPU
		{C0D2B64A-CBFC-42A2-B8A6-B8673976EE14}.Release|iPhoneSimulator.ActiveCfg = Release|Any CPU
		{C0D2B64A-CBFC-42A2-B8A6-B8673976EE14}.Release|iPhoneSimulator.Build.0 = Release|Any CPU
		{F4FDDB8D-1DAD-4558-B62C-CDBD703F9B9D}.Debug|Any CPU.ActiveCfg = Debug|Any CPU
		{F4FDDB8D-1DAD-4558-B62C-CDBD703F9B9D}.Debug|Any CPU.Build.0 = Debug|Any CPU
		{F4FDDB8D-1DAD-4558-B62C-CDBD703F9B9D}.Debug|iPhone.ActiveCfg = Debug|Any CPU
		{F4FDDB8D-1DAD-4558-B62C-CDBD703F9B9D}.Debug|iPhone.Build.0 = Debug|Any CPU
		{F4FDDB8D-1DAD-4558-B62C-CDBD703F9B9D}.Debug|iPhoneSimulator.ActiveCfg = Debug|Any CPU
		{F4FDDB8D-1DAD-4558-B62C-CDBD703F9B9D}.Debug|iPhoneSimulator.Build.0 = Debug|Any CPU
		{F4FDDB8D-1DAD-4558-B62C-CDBD703F9B9D}.Release|Any CPU.ActiveCfg = Release|Any CPU
		{F4FDDB8D-1DAD-4558-B62C-CDBD703F9B9D}.Release|Any CPU.Build.0 = Release|Any CPU
		{F4FDDB8D-1DAD-4558-B62C-CDBD703F9B9D}.Release|iPhone.ActiveCfg = Release|Any CPU
		{F4FDDB8D-1DAD-4558-B62C-CDBD703F9B9D}.Release|iPhone.Build.0 = Release|Any CPU
		{F4FDDB8D-1DAD-4558-B62C-CDBD703F9B9D}.Release|iPhoneSimulator.ActiveCfg = Release|Any CPU
		{F4FDDB8D-1DAD-4558-B62C-CDBD703F9B9D}.Release|iPhoneSimulator.Build.0 = Release|Any CPU
	EndGlobalSection
	GlobalSection(NestedProjects) = preSolution
		{C5F604A6-F16C-49FF-B8A4-39CB6A12C68F} = {C1D841E2-4FAE-4726-B178-31A192613651}
		{7C5D7E33-C77E-475F-BE8B-359CD164A4E5} = {C5F604A6-F16C-49FF-B8A4-39CB6A12C68F}
		{F4FDDB8D-1DAD-4558-B62C-CDBD703F9B9D} = {C5F604A6-F16C-49FF-B8A4-39CB6A12C68F}
		{C0D2B64A-CBFC-42A2-B8A6-B8673976EE14} = {C5F604A6-F16C-49FF-B8A4-39CB6A12C68F}
	EndGlobalSection
EndGlobal
